{
  "requires": true,
  "lockfileVersion": 1,
  "dependencies": {
    "rand-token": {
      "version": "0.4.0",
      "resolved": "https://registry.npmjs.org/rand-token/-/rand-token-0.4.0.tgz",
      "integrity": "sha512-FLNNsir2R+XY8LKsZ+8u/w0qZ4sGit7cpNdznsI77cAVob6UlVPueDKRyjJ3W1Q6FJLgAVH98JvlqqpSaL7NEQ=="
    }
  }
}
